<?xml version="1.0" encoding="utf-8"?>
<Project ToolsVersion="4.0" xmlns="http://schemas.microsoft.com/developer/msbuild/2003">
  <ItemGroup>
    <Filter Include="source">
      <UniqueIdentifier>{4FC737F1-C7A5-4376-A066-2A32D752A2FF}</UniqueIdentifier>
      <Extensions>cpp;c;cc;cxx;c++;cppm;ixx;def;odl;idl;hpj;bat;asm;asmx</Extensions>
    </Filter>
    <Filter Include="source\visuals">
      <UniqueIdentifier>{b23d41c1-587f-4066-a497-1d7978646748}</UniqueIdentifier>
    </Filter>
    <Filter Include="source\headers">
      <UniqueIdentifier>{ad10d727-b074-4dab-8a98-68c846dc50fe}</UniqueIdentifier>
    </Filter>
    <Filter Include="source\core">
      <UniqueIdentifier>{6b2d92d6-4b79-4bee-ab9d-6e2fb0a00681}</UniqueIdentifier>
    </Filter>
    <Filter Include="source\visuals\elements">
      <UniqueIdentifier>{55d25463-f520-46e4-8434-ba681af3bbc0}</UniqueIdentifier>
    </Filter>
    <Filter Include="source\external">
      <UniqueIdentifier>{e49ad5e8-3117-43fb-a158-b2d24c581604}</UniqueIdentifier>
    </Filter>
    <Filter Include="source\external\ImGui">
      <UniqueIdentifier>{ea758dde-1473-47ab-a326-39b41cc73eba}</UniqueIdentifier>
    </Filter>
    <Filter Include="source\input">
      <UniqueIdentifier>{f8a832e0-1450-400b-acfa-977eb13d7cdb}</UniqueIdentifier>
    </Filter>
  </ItemGroup>
  <ItemGroup>
    <ClCompile Include="Source\entry.cpp">
      <Filter>source</Filter>
    </ClCompile>
    <ClCompile Include="source\core\service_manager.cpp">
      <Filter>source\core</Filter>
    </ClCompile>
    <ClCompile Include="source\core\platform.cpp">
      <Filter>source\core</Filter>
    </ClCompile>
    <ClCompile Include="source\core\sys_win_platform.cpp">
      <Filter>source\core</Filter>
    </ClCompile>
    <ClCompile Include="source\core\sys_ticker.cpp">
      <Filter>source\core</Filter>
    </ClCompile>
    <ClCompile Include="source\core\sys_win_profiler.cpp">
      <Filter>source\core</Filter>
    </ClCompile>
    <ClCompile Include="source\core\sys_profiler.cpp">
      <Filter>source\core</Filter>
    </ClCompile>
    <ClCompile Include="source\core\supervisor.cpp">
      <Filter>source\core</Filter>
    </ClCompile>
    <ClCompile Include="source\visuals\presenter.cpp">
      <Filter>source\visuals</Filter>
    </ClCompile>
    <ClCompile Include="source\visuals\scene.cpp">
      <Filter>source\visuals</Filter>
    </ClCompile>
    <ClCompile Include="source\visuals\overlay.cpp">
      <Filter>source\visuals</Filter>
    </ClCompile>
    <ClCompile Include="source\external\ImGui\imgui.cpp">
      <Filter>source\external\ImGui</Filter>
    </ClCompile>
    <ClCompile Include="source\external\ImGui\imgui_demo.cpp">
      <Filter>source\external\ImGui</Filter>
    </ClCompile>
    <ClCompile Include="source\external\ImGui\imgui_draw.cpp">
      <Filter>source\external\ImGui</Filter>
    </ClCompile>
    <ClCompile Include="source\external\ImGui\imgui_impl_dx11.cpp">
      <Filter>source\external\ImGui</Filter>
    </ClCompile>
    <ClCompile Include="source\external\ImGui\imgui_impl_win32.cpp">
      <Filter>source\external\ImGui</Filter>
    </ClCompile>
    <ClCompile Include="source\external\ImGui\imgui_tables.cpp">
      <Filter>source\external\ImGui</Filter>
    </ClCompile>
    <ClCompile Include="source\external\ImGui\imgui_widgets.cpp">
      <Filter>source\external\ImGui</Filter>
    </ClCompile>
    <ClCompile Include="source\input\mouse.cpp">
      <Filter>source\input</Filter>
    </ClCompile>
    <ClCompile Include="source\input\keyboard.cpp">
      <Filter>source\input</Filter>
    </ClCompile>
  </ItemGroup>
  <ItemGroup>
    <ClInclude Include="source\headers\platfrom_defs.h">
      <Filter>source\headers</Filter>
    </ClInclude>
    <ClInclude Include="source\core\interface_sys_platform.h">
      <Filter>source\core</Filter>
    </ClInclude>
    <ClInclude Include="source\core\interface_sys_profiler.h">
      <Filter>source\core</Filter>
    </ClInclude>
    <ClInclude Include="source\core\platform.h">
      <Filter>source\core</Filter>
    </ClInclude>
    <ClInclude Include="source\core\service_manager.h">
      <Filter>source\core</Filter>
    </ClInclude>
    <ClInclude Include="source\core\supervisor.h">
      <Filter>source\core</Filter>
    </ClInclude>
    <ClInclude Include="source\core\sys_profiler.h">
      <Filter>source\core</Filter>
    </ClInclude>
    <ClInclude Include="source\core\sys_ticker.h">
      <Filter>source\core</Filter>
    </ClInclude>
    <ClInclude Include="source\core\sys_win_platform.h">
      <Filter>source\core</Filter>
    </ClInclude>
    <ClInclude Include="source\core\sys_win_profiler.h">
      <Filter>source\core</Filter>
    </ClInclude>
    <ClInclude Include="source\visuals\interface_drawable.h">
      <Filter>source\visuals</Filter>
    </ClInclude>
    <ClInclude Include="source\visuals\presenter.h">
      <Filter>source\visuals</Filter>
    </ClInclude>
    <ClInclude Include="source\headers\interface_service.h">
      <Filter>source\headers</Filter>
    </ClInclude>
    <ClInclude Include="source\headers\util_funcs.h">
      <Filter>source\headers</Filter>
    </ClInclude>
    <ClInclude Include="source\visuals\scene.h">
      <Filter>source\visuals</Filter>
    </ClInclude>
    <ClInclude Include="source\visuals\overlay.h">
      <Filter>source\visuals</Filter>
    </ClInclude>
    <ClInclude Include="source\external\ImGui\imconfig.h">
      <Filter>source\external\ImGui</Filter>
    </ClInclude>
    <ClInclude Include="source\external\ImGui\imgui.h">
      <Filter>source\external\ImGui</Filter>
    </ClInclude>
    <ClInclude Include="source\external\ImGui\imgui_impl_dx11.h">
      <Filter>source\external\ImGui</Filter>
    </ClInclude>
    <ClInclude Include="source\external\ImGui\imgui_impl_win32.h">
      <Filter>source\external\ImGui</Filter>
    </ClInclude>
    <ClInclude Include="source\external\ImGui\imgui_internal.h">
      <Filter>source\external\ImGui</Filter>
    </ClInclude>
    <ClInclude Include="source\external\ImGui\imstb_rectpack.h">
      <Filter>source\external\ImGui</Filter>
    </ClInclude>
    <ClInclude Include="source\external\ImGui\imstb_textedit.h">
      <Filter>source\external\ImGui</Filter>
    </ClInclude>
    <ClInclude Include="source\external\ImGui\imstb_truetype.h">
      <Filter>source\external\ImGui</Filter>
    </ClInclude>
    <ClInclude Include="source\input\mouse.h">
      <Filter>source\input</Filter>
    </ClInclude>
    <ClInclude Include="source\input\keyboard.h">
      <Filter>source\input</Filter>
    </ClInclude>
  </ItemGroup>
</Project>