<?xml version="1.0" encoding="utf-8"?>
<Project ToolsVersion="4.0" xmlns="http://schemas.microsoft.com/developer/msbuild/2003">
  <ItemGroup>
    <Filter Include="source">
      <UniqueIdentifier>{4FC737F1-C7A5-4376-A066-2A32D752A2FF}</UniqueIdentifier>
      <Extensions>cpp;c;cc;cxx;c++;cppm;ixx;def;odl;idl;hpj;bat;asm;asmx</Extensions>
    </Filter>
    <Filter Include="source\visuals">
      <UniqueIdentifier>{b23d41c1-587f-4066-a497-1d7978646748}</UniqueIdentifier>
    </Filter>
    <Filter Include="source\headers">
      <UniqueIdentifier>{ad10d727-b074-4dab-8a98-68c846dc50fe}</UniqueIdentifier>
    </Filter>
    <Filter Include="source\core">
      <UniqueIdentifier>{6b2d92d6-4b79-4bee-ab9d-6e2fb0a00681}</UniqueIdentifier>
    </Filter>
    <Filter Include="source\external">
      <UniqueIdentifier>{e49ad5e8-3117-43fb-a158-b2d24c581604}</UniqueIdentifier>
    </Filter>
    <Filter Include="source\external\ImGui">
      <UniqueIdentifier>{ea758dde-1473-47ab-a326-39b41cc73eba}</UniqueIdentifier>
    </Filter>
    <Filter Include="source\input">
      <UniqueIdentifier>{f8a832e0-1450-400b-acfa-977eb13d7cdb}</UniqueIdentifier>
    </Filter>
    <Filter Include="source\entities">
      <UniqueIdentifier>{3f0f0fd3-2b4c-4334-83be-c2e2fd3296bb}</UniqueIdentifier>
    </Filter>
    <Filter Include="source\visuals\render">
      <UniqueIdentifier>{158767ba-4fc9-4bfd-a8d0-af7624ba3c1e}</UniqueIdentifier>
    </Filter>
    <Filter Include="source\visuals\shaders">
      <UniqueIdentifier>{a83aea85-130b-415b-88bc-4c80ca131d35}</UniqueIdentifier>
    </Filter>
    <Filter Include="source\visuals\elements">
      <UniqueIdentifier>{ee571f85-3d55-4f5b-b1d8-885b7fa59628}</UniqueIdentifier>
    </Filter>
    <Filter Include="source\processors">
      <UniqueIdentifier>{4e9c2117-6774-4bb2-877e-34fd4f2ab03b}</UniqueIdentifier>
    </Filter>
    <Filter Include="source\gameplay">
      <UniqueIdentifier>{ecd08d53-8a3a-48f9-96ff-56136b3c9d25}</UniqueIdentifier>
    </Filter>
  </ItemGroup>
  <ItemGroup>
    <ClCompile Include="Source\entry.cpp">
      <Filter>source</Filter>
    </ClCompile>
    <ClCompile Include="source\core\service_manager.cpp">
      <Filter>source\core</Filter>
    </ClCompile>
    <ClCompile Include="source\core\platform.cpp">
      <Filter>source\core</Filter>
    </ClCompile>
    <ClCompile Include="source\core\sys_win_platform.cpp">
      <Filter>source\core</Filter>
    </ClCompile>
    <ClCompile Include="source\core\sys_ticker.cpp">
      <Filter>source\core</Filter>
    </ClCompile>
    <ClCompile Include="source\core\sys_win_profiler.cpp">
      <Filter>source\core</Filter>
    </ClCompile>
    <ClCompile Include="source\core\sys_profiler.cpp">
      <Filter>source\core</Filter>
    </ClCompile>
    <ClCompile Include="source\core\supervisor.cpp">
      <Filter>source\core</Filter>
    </ClCompile>
    <ClCompile Include="source\visuals\presenter.cpp">
      <Filter>source\visuals</Filter>
    </ClCompile>
    <ClCompile Include="source\visuals\scene.cpp">
      <Filter>source\visuals</Filter>
    </ClCompile>
    <ClCompile Include="source\visuals\overlay.cpp">
      <Filter>source\visuals</Filter>
    </ClCompile>
    <ClCompile Include="source\external\ImGui\imgui.cpp">
      <Filter>source\external\ImGui</Filter>
    </ClCompile>
    <ClCompile Include="source\external\ImGui\imgui_demo.cpp">
      <Filter>source\external\ImGui</Filter>
    </ClCompile>
    <ClCompile Include="source\external\ImGui\imgui_draw.cpp">
      <Filter>source\external\ImGui</Filter>
    </ClCompile>
    <ClCompile Include="source\external\ImGui\imgui_impl_dx11.cpp">
      <Filter>source\external\ImGui</Filter>
    </ClCompile>
    <ClCompile Include="source\external\ImGui\imgui_impl_win32.cpp">
      <Filter>source\external\ImGui</Filter>
    </ClCompile>
    <ClCompile Include="source\external\ImGui\imgui_tables.cpp">
      <Filter>source\external\ImGui</Filter>
    </ClCompile>
    <ClCompile Include="source\external\ImGui\imgui_widgets.cpp">
      <Filter>source\external\ImGui</Filter>
    </ClCompile>
    <ClCompile Include="source\input\mouse.cpp">
      <Filter>source\input</Filter>
    </ClCompile>
    <ClCompile Include="source\input\keyboard.cpp">
      <Filter>source\input</Filter>
    </ClCompile>
    <ClCompile Include="source\entities\entity_basic.cpp">
      <Filter>source\entities</Filter>
    </ClCompile>
    <ClCompile Include="source\entities\entity_transformable.cpp">
      <Filter>source\entities</Filter>
    </ClCompile>
    <ClCompile Include="source\entities\camera_basic.cpp">
      <Filter>source\entities</Filter>
    </ClCompile>
    <ClCompile Include="source\entities\camera_firstperson.cpp">
      <Filter>source\entities</Filter>
    </ClCompile>
    <ClCompile Include="source\visuals\render\render_dev.cpp">
      <Filter>source\visuals\render</Filter>
    </ClCompile>
    <ClCompile Include="source\visuals\elements\shader_interface.cpp">
      <Filter>source\visuals\elements</Filter>
    </ClCompile>
    <ClCompile Include="source\visuals\elements\shader_vertex.cpp">
      <Filter>source\visuals\elements</Filter>
    </ClCompile>
    <ClCompile Include="source\visuals\elements\shader_pixel.cpp">
      <Filter>source\visuals\elements</Filter>
    </ClCompile>
    <ClCompile Include="source\visuals\elements\texture.cpp">
      <Filter>source\visuals\elements</Filter>
    </ClCompile>
    <ClCompile Include="source\visuals\elements\model.cpp">
      <Filter>source\visuals\elements</Filter>
    </ClCompile>
    <ClCompile Include="source\visuals\elements\mesh.cpp">
      <Filter>source\visuals\elements</Filter>
    </ClCompile>
    <ClCompile Include="source\visuals\elements\material.cpp">
      <Filter>source\visuals\elements</Filter>
    </ClCompile>
    <ClCompile Include="source\visuals\elements\input_layout.cpp">
      <Filter>source\visuals\elements</Filter>
    </ClCompile>
    <ClCompile Include="source\visuals\elements\buffer_index.cpp">
      <Filter>source\visuals\elements</Filter>
    </ClCompile>
    <ClCompile Include="source\visuals\elements\sampler_texture.cpp">
      <Filter>source\visuals\elements</Filter>
    </ClCompile>
    <ClCompile Include="source\visuals\elements\master_state.cpp">
      <Filter>source\visuals\elements</Filter>
    </ClCompile>
    <ClCompile Include="source\visuals\render\render_base.cpp">
      <Filter>source\visuals\render</Filter>
    </ClCompile>
    <ClCompile Include="source\visuals\elements\manager_model.cpp">
      <Filter>source\visuals\elements</Filter>
    </ClCompile>
    <ClCompile Include="source\visuals\elements\manager_texture.cpp">
      <Filter>source\visuals\elements</Filter>
    </ClCompile>
    <ClCompile Include="source\visuals\elements\master_buffer.cpp">
      <Filter>source\visuals\elements</Filter>
    </ClCompile>
    <ClCompile Include="source\visuals\render\aggregator.cpp">
      <Filter>source\visuals\render</Filter>
    </ClCompile>
    <ClCompile Include="source\visuals\render\sky.cpp">
      <Filter>source\visuals\render</Filter>
    </ClCompile>
    <ClCompile Include="source\visuals\elements\render_target.cpp">
      <Filter>source\visuals\elements</Filter>
    </ClCompile>
    <ClCompile Include="source\visuals\render\render_pass.cpp">
      <Filter>source\visuals\render</Filter>
    </ClCompile>
    <ClCompile Include="source\visuals\render\solid_blocks.cpp">
      <Filter>source\visuals\render</Filter>
    </ClCompile>
    <ClCompile Include="source\entities\sun.cpp">
      <Filter>source\entities</Filter>
    </ClCompile>
    <ClCompile Include="source\visuals\render\sun_moon.cpp">
      <Filter>source\visuals\render</Filter>
    </ClCompile>
    <ClCompile Include="source\entities\block_solid.cpp">
      <Filter>source\entities</Filter>
    </ClCompile>
    <ClCompile Include="source\entities\segment.cpp">
      <Filter>source\entities</Filter>
    </ClCompile>
    <ClCompile Include="source\processors\processor_solid_block.cpp">
      <Filter>source\processors</Filter>
    </ClCompile>
    <ClCompile Include="source\visuals\elements\texture_atlas.cpp">
      <Filter>source\visuals\elements</Filter>
    </ClCompile>
    <ClCompile Include="source\entities\world.cpp">
      <Filter>source\entities</Filter>
    </ClCompile>
    <ClCompile Include="source\visuals\render\hud.cpp">
      <Filter>source\visuals\render</Filter>
    </ClCompile>
    <ClCompile Include="source\gameplay\input_handler.cpp">
      <Filter>source\gameplay</Filter>
    </ClCompile>
    <ClCompile Include="source\entities\player.cpp">
      <Filter>source\entities</Filter>
    </ClCompile>
  </ItemGroup>
  <ItemGroup>
    <ClInclude Include="source\headers\defs_platform.h">
      <Filter>source\headers</Filter>
    </ClInclude>
    <ClInclude Include="source\core\interface_sys_platform.h">
      <Filter>source\core</Filter>
    </ClInclude>
    <ClInclude Include="source\core\interface_sys_profiler.h">
      <Filter>source\core</Filter>
    </ClInclude>
    <ClInclude Include="source\core\platform.h">
      <Filter>source\core</Filter>
    </ClInclude>
    <ClInclude Include="source\core\service_manager.h">
      <Filter>source\core</Filter>
    </ClInclude>
    <ClInclude Include="source\core\supervisor.h">
      <Filter>source\core</Filter>
    </ClInclude>
    <ClInclude Include="source\core\sys_profiler.h">
      <Filter>source\core</Filter>
    </ClInclude>
    <ClInclude Include="source\core\sys_ticker.h">
      <Filter>source\core</Filter>
    </ClInclude>
    <ClInclude Include="source\core\sys_win_platform.h">
      <Filter>source\core</Filter>
    </ClInclude>
    <ClInclude Include="source\core\sys_win_profiler.h">
      <Filter>source\core</Filter>
    </ClInclude>
    <ClInclude Include="source\visuals\presenter.h">
      <Filter>source\visuals</Filter>
    </ClInclude>
    <ClInclude Include="source\headers\interface_service.h">
      <Filter>source\headers</Filter>
    </ClInclude>
    <ClInclude Include="source\headers\util_funcs.h">
      <Filter>source\headers</Filter>
    </ClInclude>
    <ClInclude Include="source\visuals\scene.h">
      <Filter>source\visuals</Filter>
    </ClInclude>
    <ClInclude Include="source\visuals\overlay.h">
      <Filter>source\visuals</Filter>
    </ClInclude>
    <ClInclude Include="source\external\ImGui\imconfig.h">
      <Filter>source\external\ImGui</Filter>
    </ClInclude>
    <ClInclude Include="source\external\ImGui\imgui.h">
      <Filter>source\external\ImGui</Filter>
    </ClInclude>
    <ClInclude Include="source\external\ImGui\imgui_impl_dx11.h">
      <Filter>source\external\ImGui</Filter>
    </ClInclude>
    <ClInclude Include="source\external\ImGui\imgui_impl_win32.h">
      <Filter>source\external\ImGui</Filter>
    </ClInclude>
    <ClInclude Include="source\external\ImGui\imgui_internal.h">
      <Filter>source\external\ImGui</Filter>
    </ClInclude>
    <ClInclude Include="source\external\ImGui\imstb_rectpack.h">
      <Filter>source\external\ImGui</Filter>
    </ClInclude>
    <ClInclude Include="source\external\ImGui\imstb_textedit.h">
      <Filter>source\external\ImGui</Filter>
    </ClInclude>
    <ClInclude Include="source\external\ImGui\imstb_truetype.h">
      <Filter>source\external\ImGui</Filter>
    </ClInclude>
    <ClInclude Include="source\input\mouse.h">
      <Filter>source\input</Filter>
    </ClInclude>
    <ClInclude Include="source\input\keyboard.h">
      <Filter>source\input</Filter>
    </ClInclude>
    <ClInclude Include="source\entities\entity_basic.h">
      <Filter>source\entities</Filter>
    </ClInclude>
    <ClInclude Include="source\entities\entity_transformable.h">
      <Filter>source\entities</Filter>
    </ClInclude>
    <ClInclude Include="source\entities\camera_basic.h">
      <Filter>source\entities</Filter>
    </ClInclude>
    <ClInclude Include="source\entities\camera_firstperson.h">
      <Filter>source\entities</Filter>
    </ClInclude>
    <ClInclude Include="source\headers\interface_drawable.h">
      <Filter>source\headers</Filter>
    </ClInclude>
    <ClInclude Include="source\visuals\render\render_dev.h">
      <Filter>source\visuals\render</Filter>
    </ClInclude>
    <ClInclude Include="source\visuals\elements\shader_interface.h">
      <Filter>source\visuals\elements</Filter>
    </ClInclude>
    <ClInclude Include="source\visuals\elements\shader_vertex.h">
      <Filter>source\visuals\elements</Filter>
    </ClInclude>
    <ClInclude Include="source\visuals\elements\shader_pixel.h">
      <Filter>source\visuals\elements</Filter>
    </ClInclude>
    <ClInclude Include="source\visuals\elements\texture.h">
      <Filter>source\visuals\elements</Filter>
    </ClInclude>
    <ClInclude Include="source\visuals\elements\model.h">
      <Filter>source\visuals\elements</Filter>
    </ClInclude>
    <ClInclude Include="source\visuals\elements\mesh.h">
      <Filter>source\visuals\elements</Filter>
    </ClInclude>
    <ClInclude Include="source\visuals\elements\material.h">
      <Filter>source\visuals\elements</Filter>
    </ClInclude>
    <ClInclude Include="source\visuals\elements\input_layout.h">
      <Filter>source\visuals\elements</Filter>
    </ClInclude>
    <ClInclude Include="source\visuals\elements\buffer_vertex.h">
      <Filter>source\visuals\elements</Filter>
    </ClInclude>
    <ClInclude Include="source\visuals\elements\buffer_index.h">
      <Filter>source\visuals\elements</Filter>
    </ClInclude>
    <ClInclude Include="source\visuals\elements\buffer_constant.h">
      <Filter>source\visuals\elements</Filter>
    </ClInclude>
    <ClInclude Include="source\visuals\elements\sampler_texture.h">
      <Filter>source\visuals\elements</Filter>
    </ClInclude>
    <ClInclude Include="source\visuals\elements\master_state.h">
      <Filter>source\visuals\elements</Filter>
    </ClInclude>
    <ClInclude Include="source\visuals\render\render_base.h">
      <Filter>source\visuals\render</Filter>
    </ClInclude>
    <ClInclude Include="source\visuals\render\sky.h">
      <Filter>source\visuals\render</Filter>
    </ClInclude>
    <ClInclude Include="source\visuals\elements\manager_model.h">
      <Filter>source\visuals\elements</Filter>
    </ClInclude>
    <ClInclude Include="source\headers\interface_manager.h">
      <Filter>source\headers</Filter>
    </ClInclude>
    <ClInclude Include="source\visuals\elements\manager_texture.h">
      <Filter>source\visuals\elements</Filter>
    </ClInclude>
    <ClInclude Include="source\visuals\elements\master_buffer.h">
      <Filter>source\visuals\elements</Filter>
    </ClInclude>
    <ClInclude Include="source\headers\defs_pipeline.h">
      <Filter>source\headers</Filter>
    </ClInclude>
    <ClInclude Include="source\visuals\render\aggregator.h">
      <Filter>source\visuals\render</Filter>
    </ClInclude>
    <ClInclude Include="source\visuals\render\render_pass.h">
      <Filter>source\visuals\render</Filter>
    </ClInclude>
    <ClInclude Include="source\visuals\elements\render_target.h">
      <Filter>source\visuals\elements</Filter>
    </ClInclude>
    <ClInclude Include="source\visuals\render\solid_blocks.h">
      <Filter>source\visuals\render</Filter>
    </ClInclude>
    <ClInclude Include="source\entities\sun.h">
      <Filter>source\entities</Filter>
    </ClInclude>
    <ClInclude Include="source\visuals\render\sun_moon.h">
      <Filter>source\visuals\render</Filter>
    </ClInclude>
    <ClInclude Include="source\entities\block_solid.h">
      <Filter>source\entities</Filter>
    </ClInclude>
    <ClInclude Include="source\entities\segment.h">
      <Filter>source\entities</Filter>
    </ClInclude>
    <ClInclude Include="source\processors\processor_solid_block.h">
      <Filter>source\processors</Filter>
    </ClInclude>
    <ClInclude Include="source\visuals\elements\texture_atlas.h">
      <Filter>source\visuals\elements</Filter>
    </ClInclude>
    <ClInclude Include="source\entities\world.h">
      <Filter>source\entities</Filter>
    </ClInclude>
    <ClInclude Include="source\headers\defs_world.h">
      <Filter>source\headers</Filter>
    </ClInclude>
    <ClInclude Include="source\visuals\render\hud.h">
      <Filter>source\visuals\render</Filter>
    </ClInclude>
    <ClInclude Include="source\gameplay\input_handler.h">
      <Filter>source\gameplay</Filter>
    </ClInclude>
    <ClInclude Include="source\entities\player.h">
      <Filter>source\entities</Filter>
    </ClInclude>
  </ItemGroup>
  <ItemGroup>
    <FxCompile Include="source\visuals\shaders\dev_v.hlsl">
      <Filter>source\visuals\shaders</Filter>
    </FxCompile>
    <FxCompile Include="source\visuals\shaders\dev_p.hlsl">
      <Filter>source\visuals\shaders</Filter>
    </FxCompile>
    <FxCompile Include="source\visuals\shaders\sky_v.hlsl">
      <Filter>source\visuals\shaders</Filter>
    </FxCompile>
    <FxCompile Include="source\visuals\shaders\sky_p.hlsl">
      <Filter>source\visuals\shaders</Filter>
    </FxCompile>
    <FxCompile Include="source\visuals\shaders\pass_v.hlsl">
      <Filter>source\visuals\shaders</Filter>
    </FxCompile>
    <FxCompile Include="source\visuals\shaders\pass_p.hlsl">
      <Filter>source\visuals\shaders</Filter>
    </FxCompile>
    <FxCompile Include="source\visuals\shaders\solid_blocks_v.hlsl">
      <Filter>source\visuals\shaders</Filter>
    </FxCompile>
    <FxCompile Include="source\visuals\shaders\solid_blocks_p.hlsl">
      <Filter>source\visuals\shaders</Filter>
    </FxCompile>
    <FxCompile Include="source\visuals\shaders\sun_moon_v.hlsl">
      <Filter>source\visuals\shaders</Filter>
    </FxCompile>
    <FxCompile Include="source\visuals\shaders\sun_moon_p.hlsl">
      <Filter>source\visuals\shaders</Filter>
    </FxCompile>
    <FxCompile Include="source\visuals\shaders\hud_v.hlsl">
      <Filter>source\visuals\shaders</Filter>
    </FxCompile>
    <FxCompile Include="source\visuals\shaders\hud_p.hlsl">
      <Filter>source\visuals\shaders</Filter>
    </FxCompile>
  </ItemGroup>
  <ItemGroup>
    <Text Include="Global TODO checklist.txt" />
  </ItemGroup>
</Project>