<?xml version="1.0" encoding="utf-8"?>
<Project ToolsVersion="4.0" xmlns="http://schemas.microsoft.com/developer/msbuild/2003">
  <ItemGroup>
    <Filter Include="source">
      <UniqueIdentifier>{4FC737F1-C7A5-4376-A066-2A32D752A2FF}</UniqueIdentifier>
      <Extensions>cpp;c;cc;cxx;c++;cppm;ixx;def;odl;idl;hpj;bat;asm;asmx</Extensions>
    </Filter>
    <Filter Include="source\visuals">
      <UniqueIdentifier>{b23d41c1-587f-4066-a497-1d7978646748}</UniqueIdentifier>
    </Filter>
    <Filter Include="source\core">
      <UniqueIdentifier>{6b2d92d6-4b79-4bee-ab9d-6e2fb0a00681}</UniqueIdentifier>
    </Filter>
    <Filter Include="source\external">
      <UniqueIdentifier>{e49ad5e8-3117-43fb-a158-b2d24c581604}</UniqueIdentifier>
    </Filter>
    <Filter Include="source\external\ImGui">
      <UniqueIdentifier>{ea758dde-1473-47ab-a326-39b41cc73eba}</UniqueIdentifier>
    </Filter>
    <Filter Include="source\input">
      <UniqueIdentifier>{f8a832e0-1450-400b-acfa-977eb13d7cdb}</UniqueIdentifier>
    </Filter>
    <Filter Include="source\entities">
      <UniqueIdentifier>{3f0f0fd3-2b4c-4334-83be-c2e2fd3296bb}</UniqueIdentifier>
    </Filter>
    <Filter Include="source\visuals\shaders">
      <UniqueIdentifier>{a83aea85-130b-415b-88bc-4c80ca131d35}</UniqueIdentifier>
    </Filter>
    <Filter Include="source\visuals\elements">
      <UniqueIdentifier>{ee571f85-3d55-4f5b-b1d8-885b7fa59628}</UniqueIdentifier>
    </Filter>
    <Filter Include="source\processors">
      <UniqueIdentifier>{4e9c2117-6774-4bb2-877e-34fd4f2ab03b}</UniqueIdentifier>
    </Filter>
    <Filter Include="source\gameplay">
      <UniqueIdentifier>{ecd08d53-8a3a-48f9-96ff-56136b3c9d25}</UniqueIdentifier>
    </Filter>
    <Filter Include="source\events">
      <UniqueIdentifier>{10b1f5d6-cde5-4ef3-87d9-ac19b62ac912}</UniqueIdentifier>
    </Filter>
    <Filter Include="source\external\FastNoiseSIMD">
      <UniqueIdentifier>{b4a63701-bcaf-4518-873f-b5a378bc0141}</UniqueIdentifier>
    </Filter>
    <Filter Include="source\defs">
      <UniqueIdentifier>{c9720c64-6611-4c8a-9ac3-6ca27663bd2d}</UniqueIdentifier>
    </Filter>
    <Filter Include="source\gameplay\physics">
      <UniqueIdentifier>{45cae3c6-563a-4355-87d3-470aa7e9ee9b}</UniqueIdentifier>
    </Filter>
    <Filter Include="source\scene">
      <UniqueIdentifier>{4628fcdc-1928-4201-a652-4a0f56e68cc5}</UniqueIdentifier>
    </Filter>
    <Filter Include="source\scene\camera">
      <UniqueIdentifier>{4185d95c-b187-4727-8397-f4297f7b3f5c}</UniqueIdentifier>
    </Filter>
    <Filter Include="source\scene\compartments">
      <UniqueIdentifier>{4de647c7-8b54-4825-a725-0bb3c82f3fa3}</UniqueIdentifier>
    </Filter>
    <Filter Include="source\scene\elements">
      <UniqueIdentifier>{bcf3d253-499f-47ca-bebc-b8e963a07da6}</UniqueIdentifier>
    </Filter>
    <Filter Include="source\gameplay\items">
      <UniqueIdentifier>{5636e477-5e14-43bd-91f9-c84de284357f}</UniqueIdentifier>
    </Filter>
    <Filter Include="source\utils">
      <UniqueIdentifier>{120f1ab5-6d99-4a5a-aeb7-bfe07add5f9f}</UniqueIdentifier>
    </Filter>
    <Filter Include="source\scene\assets">
      <UniqueIdentifier>{28857a45-5069-4393-9abc-ed8204733995}</UniqueIdentifier>
    </Filter>
    <Filter Include="source\visuals\render">
      <UniqueIdentifier>{158767ba-4fc9-4bfd-a8d0-af7624ba3c1e}</UniqueIdentifier>
    </Filter>
  </ItemGroup>
  <ItemGroup>
    <ClCompile Include="Source\entry.cpp">
      <Filter>source</Filter>
    </ClCompile>
    <ClCompile Include="source\core\service_manager.cpp">
      <Filter>source\core</Filter>
    </ClCompile>
    <ClCompile Include="source\core\platform.cpp">
      <Filter>source\core</Filter>
    </ClCompile>
    <ClCompile Include="source\core\sys_ticker.cpp">
      <Filter>source\core</Filter>
    </ClCompile>
    <ClCompile Include="source\core\sys_profiler.cpp">
      <Filter>source\core</Filter>
    </ClCompile>
    <ClCompile Include="source\core\supervisor.cpp">
      <Filter>source\core</Filter>
    </ClCompile>
    <ClCompile Include="source\visuals\presenter.cpp">
      <Filter>source\visuals</Filter>
    </ClCompile>
    <ClCompile Include="source\visuals\overlay.cpp">
      <Filter>source\visuals</Filter>
    </ClCompile>
    <ClCompile Include="source\external\ImGui\imgui.cpp">
      <Filter>source\external\ImGui</Filter>
    </ClCompile>
    <ClCompile Include="source\external\ImGui\imgui_demo.cpp">
      <Filter>source\external\ImGui</Filter>
    </ClCompile>
    <ClCompile Include="source\external\ImGui\imgui_draw.cpp">
      <Filter>source\external\ImGui</Filter>
    </ClCompile>
    <ClCompile Include="source\external\ImGui\imgui_impl_dx11.cpp">
      <Filter>source\external\ImGui</Filter>
    </ClCompile>
    <ClCompile Include="source\external\ImGui\imgui_impl_win32.cpp">
      <Filter>source\external\ImGui</Filter>
    </ClCompile>
    <ClCompile Include="source\external\ImGui\imgui_tables.cpp">
      <Filter>source\external\ImGui</Filter>
    </ClCompile>
    <ClCompile Include="source\external\ImGui\imgui_widgets.cpp">
      <Filter>source\external\ImGui</Filter>
    </ClCompile>
    <ClCompile Include="source\input\mouse.cpp">
      <Filter>source\input</Filter>
    </ClCompile>
    <ClCompile Include="source\input\keyboard.cpp">
      <Filter>source\input</Filter>
    </ClCompile>
    <ClCompile Include="source\entities\entity_basic.cpp">
      <Filter>source\entities</Filter>
    </ClCompile>
    <ClCompile Include="source\entities\entity_transformable.cpp">
      <Filter>source\entities</Filter>
    </ClCompile>
    <ClCompile Include="source\visuals\render\render_dev.cpp">
      <Filter>source\visuals\render</Filter>
    </ClCompile>
    <ClCompile Include="source\visuals\elements\shader_interface.cpp">
      <Filter>source\visuals\elements</Filter>
    </ClCompile>
    <ClCompile Include="source\visuals\elements\shader_vertex.cpp">
      <Filter>source\visuals\elements</Filter>
    </ClCompile>
    <ClCompile Include="source\visuals\elements\shader_pixel.cpp">
      <Filter>source\visuals\elements</Filter>
    </ClCompile>
    <ClCompile Include="source\visuals\elements\texture.cpp">
      <Filter>source\visuals\elements</Filter>
    </ClCompile>
    <ClCompile Include="source\visuals\elements\model.cpp">
      <Filter>source\visuals\elements</Filter>
    </ClCompile>
    <ClCompile Include="source\visuals\elements\mesh.cpp">
      <Filter>source\visuals\elements</Filter>
    </ClCompile>
    <ClCompile Include="source\visuals\elements\material.cpp">
      <Filter>source\visuals\elements</Filter>
    </ClCompile>
    <ClCompile Include="source\visuals\elements\input_layout.cpp">
      <Filter>source\visuals\elements</Filter>
    </ClCompile>
    <ClCompile Include="source\visuals\elements\buffer_index.cpp">
      <Filter>source\visuals\elements</Filter>
    </ClCompile>
    <ClCompile Include="source\visuals\elements\sampler_texture.cpp">
      <Filter>source\visuals\elements</Filter>
    </ClCompile>
    <ClCompile Include="source\visuals\render\render_base.cpp">
      <Filter>source\visuals\render</Filter>
    </ClCompile>
    <ClCompile Include="source\visuals\render\aggregator.cpp">
      <Filter>source\visuals\render</Filter>
    </ClCompile>
    <ClCompile Include="source\visuals\render\sky.cpp">
      <Filter>source\visuals\render</Filter>
    </ClCompile>
    <ClCompile Include="source\visuals\elements\render_target.cpp">
      <Filter>source\visuals\elements</Filter>
    </ClCompile>
    <ClCompile Include="source\visuals\render\render_pass.cpp">
      <Filter>source\visuals\render</Filter>
    </ClCompile>
    <ClCompile Include="source\visuals\render\solid_blocks.cpp">
      <Filter>source\visuals\render</Filter>
    </ClCompile>
    <ClCompile Include="source\visuals\render\sun_moon.cpp">
      <Filter>source\visuals\render</Filter>
    </ClCompile>
    <ClCompile Include="source\entities\block_solid.cpp">
      <Filter>source\entities</Filter>
    </ClCompile>
    <ClCompile Include="source\processors\processor_solid_block.cpp">
      <Filter>source\processors</Filter>
    </ClCompile>
    <ClCompile Include="source\visuals\render\hud.cpp">
      <Filter>source\visuals\render</Filter>
    </ClCompile>
    <ClCompile Include="source\entities\player.cpp">
      <Filter>source\entities</Filter>
    </ClCompile>
    <ClCompile Include="source\input\input_handler.cpp">
      <Filter>source\input</Filter>
    </ClCompile>
    <ClCompile Include="source\events\event_handler.cpp">
      <Filter>source\events</Filter>
    </ClCompile>
    <ClCompile Include="source\events\finish_dig.cpp">
      <Filter>source\events</Filter>
    </ClCompile>
    <ClCompile Include="source\events\block_digged.cpp">
      <Filter>source\events</Filter>
    </ClCompile>
    <ClCompile Include="source\visuals\render\highlight.cpp">
      <Filter>source\visuals\render</Filter>
    </ClCompile>
    <ClCompile Include="source\events\begin_placement.cpp">
      <Filter>source\events</Filter>
    </ClCompile>
    <ClCompile Include="source\gameplay\physics_engine.cpp">
      <Filter>source\gameplay</Filter>
    </ClCompile>
    <ClCompile Include="source\gameplay\world_engine.cpp">
      <Filter>source\gameplay</Filter>
    </ClCompile>
    <ClCompile Include="source\processors\processor_biome.cpp">
      <Filter>source\processors</Filter>
    </ClCompile>
    <ClCompile Include="source\visuals\render\vision_perimeter.cpp">
      <Filter>source\visuals\render</Filter>
    </ClCompile>
    <ClCompile Include="source\external\FastNoiseSIMD\FastNoiseSIMD.cpp">
      <Filter>source\external\FastNoiseSIMD</Filter>
    </ClCompile>
    <ClCompile Include="source\external\FastNoiseSIMD\FastNoiseSIMD_avx2.cpp">
      <Filter>source\external\FastNoiseSIMD</Filter>
    </ClCompile>
    <ClCompile Include="source\external\FastNoiseSIMD\FastNoiseSIMD_avx512.cpp">
      <Filter>source\external\FastNoiseSIMD</Filter>
    </ClCompile>
    <ClCompile Include="source\external\FastNoiseSIMD\FastNoiseSIMD_internal.cpp">
      <Filter>source\external\FastNoiseSIMD</Filter>
    </ClCompile>
    <ClCompile Include="source\external\FastNoiseSIMD\FastNoiseSIMD_neon.cpp">
      <Filter>source\external\FastNoiseSIMD</Filter>
    </ClCompile>
    <ClCompile Include="source\external\FastNoiseSIMD\FastNoiseSIMD_sse2.cpp">
      <Filter>source\external\FastNoiseSIMD</Filter>
    </ClCompile>
    <ClCompile Include="source\external\FastNoiseSIMD\FastNoiseSIMD_sse41.cpp">
      <Filter>source\external\FastNoiseSIMD</Filter>
    </ClCompile>
    <ClCompile Include="source\core\executor.cpp">
      <Filter>source\core</Filter>
    </ClCompile>
    <ClCompile Include="source\gameplay\physics\collision_physics.cpp">
      <Filter>source\gameplay\physics</Filter>
    </ClCompile>
    <ClCompile Include="source\gameplay\physics\move_physics.cpp">
      <Filter>source\gameplay\physics</Filter>
    </ClCompile>
    <ClCompile Include="source\scene\camera\camera_basic.cpp">
      <Filter>source\scene\camera</Filter>
    </ClCompile>
    <ClCompile Include="source\scene\camera\camera_firstperson.cpp">
      <Filter>source\scene\camera</Filter>
    </ClCompile>
    <ClCompile Include="source\scene\scene.cpp">
      <Filter>source\scene</Filter>
    </ClCompile>
    <ClCompile Include="source\scene\world.cpp">
      <Filter>source\scene</Filter>
    </ClCompile>
    <ClCompile Include="source\scene\compartments\sector.cpp">
      <Filter>source\scene\compartments</Filter>
    </ClCompile>
    <ClCompile Include="source\scene\compartments\segment.cpp">
      <Filter>source\scene\compartments</Filter>
    </ClCompile>
    <ClCompile Include="source\scene\elements\sun.cpp">
      <Filter>source\scene\elements</Filter>
    </ClCompile>
    <ClCompile Include="source\gameplay\items\item_container.cpp">
      <Filter>source\gameplay\items</Filter>
    </ClCompile>
    <ClCompile Include="source\gameplay\items\item_stack.cpp">
      <Filter>source\gameplay\items</Filter>
    </ClCompile>
    <ClCompile Include="source\utils\frustrum.cpp">
      <Filter>source\utils</Filter>
    </ClCompile>
    <ClCompile Include="source\utils\ray.cpp">
      <Filter>source\utils</Filter>
    </ClCompile>
    <ClCompile Include="source\scene\assets\manager_model.cpp">
      <Filter>source\scene\assets</Filter>
    </ClCompile>
    <ClCompile Include="source\scene\assets\manager_texture.cpp">
      <Filter>source\scene\assets</Filter>
    </ClCompile>
    <ClCompile Include="source\scene\assets\master_buffer.cpp">
      <Filter>source\scene\assets</Filter>
    </ClCompile>
    <ClCompile Include="source\scene\assets\master_state.cpp">
      <Filter>source\scene\assets</Filter>
    </ClCompile>
    <ClCompile Include="source\scene\assets\texture_atlas.cpp">
      <Filter>source\scene\assets</Filter>
    </ClCompile>
    <ClCompile Include="source\core\garbage_collector.cpp">
      <Filter>source\core</Filter>
    </ClCompile>
  </ItemGroup>
  <ItemGroup>
    <ClInclude Include="source\core\platform.h">
      <Filter>source\core</Filter>
    </ClInclude>
    <ClInclude Include="source\core\service_manager.h">
      <Filter>source\core</Filter>
    </ClInclude>
    <ClInclude Include="source\core\supervisor.h">
      <Filter>source\core</Filter>
    </ClInclude>
    <ClInclude Include="source\core\sys_profiler.h">
      <Filter>source\core</Filter>
    </ClInclude>
    <ClInclude Include="source\core\sys_ticker.h">
      <Filter>source\core</Filter>
    </ClInclude>
    <ClInclude Include="source\visuals\presenter.h">
      <Filter>source\visuals</Filter>
    </ClInclude>
    <ClInclude Include="source\visuals\overlay.h">
      <Filter>source\visuals</Filter>
    </ClInclude>
    <ClInclude Include="source\external\ImGui\imconfig.h">
      <Filter>source\external\ImGui</Filter>
    </ClInclude>
    <ClInclude Include="source\external\ImGui\imgui.h">
      <Filter>source\external\ImGui</Filter>
    </ClInclude>
    <ClInclude Include="source\external\ImGui\imgui_impl_dx11.h">
      <Filter>source\external\ImGui</Filter>
    </ClInclude>
    <ClInclude Include="source\external\ImGui\imgui_impl_win32.h">
      <Filter>source\external\ImGui</Filter>
    </ClInclude>
    <ClInclude Include="source\external\ImGui\imgui_internal.h">
      <Filter>source\external\ImGui</Filter>
    </ClInclude>
    <ClInclude Include="source\external\ImGui\imstb_rectpack.h">
      <Filter>source\external\ImGui</Filter>
    </ClInclude>
    <ClInclude Include="source\external\ImGui\imstb_textedit.h">
      <Filter>source\external\ImGui</Filter>
    </ClInclude>
    <ClInclude Include="source\external\ImGui\imstb_truetype.h">
      <Filter>source\external\ImGui</Filter>
    </ClInclude>
    <ClInclude Include="source\input\mouse.h">
      <Filter>source\input</Filter>
    </ClInclude>
    <ClInclude Include="source\input\keyboard.h">
      <Filter>source\input</Filter>
    </ClInclude>
    <ClInclude Include="source\entities\entity_basic.h">
      <Filter>source\entities</Filter>
    </ClInclude>
    <ClInclude Include="source\entities\entity_transformable.h">
      <Filter>source\entities</Filter>
    </ClInclude>
    <ClInclude Include="source\visuals\render\render_dev.h">
      <Filter>source\visuals\render</Filter>
    </ClInclude>
    <ClInclude Include="source\visuals\elements\shader_interface.h">
      <Filter>source\visuals\elements</Filter>
    </ClInclude>
    <ClInclude Include="source\visuals\elements\shader_vertex.h">
      <Filter>source\visuals\elements</Filter>
    </ClInclude>
    <ClInclude Include="source\visuals\elements\shader_pixel.h">
      <Filter>source\visuals\elements</Filter>
    </ClInclude>
    <ClInclude Include="source\visuals\elements\texture.h">
      <Filter>source\visuals\elements</Filter>
    </ClInclude>
    <ClInclude Include="source\visuals\elements\model.h">
      <Filter>source\visuals\elements</Filter>
    </ClInclude>
    <ClInclude Include="source\visuals\elements\mesh.h">
      <Filter>source\visuals\elements</Filter>
    </ClInclude>
    <ClInclude Include="source\visuals\elements\material.h">
      <Filter>source\visuals\elements</Filter>
    </ClInclude>
    <ClInclude Include="source\visuals\elements\input_layout.h">
      <Filter>source\visuals\elements</Filter>
    </ClInclude>
    <ClInclude Include="source\visuals\elements\buffer_vertex.h">
      <Filter>source\visuals\elements</Filter>
    </ClInclude>
    <ClInclude Include="source\visuals\elements\buffer_index.h">
      <Filter>source\visuals\elements</Filter>
    </ClInclude>
    <ClInclude Include="source\visuals\elements\buffer_constant.h">
      <Filter>source\visuals\elements</Filter>
    </ClInclude>
    <ClInclude Include="source\visuals\elements\sampler_texture.h">
      <Filter>source\visuals\elements</Filter>
    </ClInclude>
    <ClInclude Include="source\visuals\render\render_base.h">
      <Filter>source\visuals\render</Filter>
    </ClInclude>
    <ClInclude Include="source\visuals\render\sky.h">
      <Filter>source\visuals\render</Filter>
    </ClInclude>
    <ClInclude Include="source\visuals\render\aggregator.h">
      <Filter>source\visuals\render</Filter>
    </ClInclude>
    <ClInclude Include="source\visuals\render\render_pass.h">
      <Filter>source\visuals\render</Filter>
    </ClInclude>
    <ClInclude Include="source\visuals\elements\render_target.h">
      <Filter>source\visuals\elements</Filter>
    </ClInclude>
    <ClInclude Include="source\visuals\render\solid_blocks.h">
      <Filter>source\visuals\render</Filter>
    </ClInclude>
    <ClInclude Include="source\visuals\render\sun_moon.h">
      <Filter>source\visuals\render</Filter>
    </ClInclude>
    <ClInclude Include="source\entities\block_solid.h">
      <Filter>source\entities</Filter>
    </ClInclude>
    <ClInclude Include="source\processors\processor_solid_block.h">
      <Filter>source\processors</Filter>
    </ClInclude>
    <ClInclude Include="source\visuals\render\hud.h">
      <Filter>source\visuals\render</Filter>
    </ClInclude>
    <ClInclude Include="source\entities\player.h">
      <Filter>source\entities</Filter>
    </ClInclude>
    <ClInclude Include="source\input\input_handler.h">
      <Filter>source\input</Filter>
    </ClInclude>
    <ClInclude Include="source\events\begin_dig.h">
      <Filter>source\events</Filter>
    </ClInclude>
    <ClInclude Include="source\events\block_digged.h">
      <Filter>source\events</Filter>
    </ClInclude>
    <ClInclude Include="source\events\cancel_dig.h">
      <Filter>source\events</Filter>
    </ClInclude>
    <ClInclude Include="source\events\event_handler.h">
      <Filter>source\events</Filter>
    </ClInclude>
    <ClInclude Include="source\events\finish_dig.h">
      <Filter>source\events</Filter>
    </ClInclude>
    <ClInclude Include="source\visuals\render\highlight.h">
      <Filter>source\visuals\render</Filter>
    </ClInclude>
    <ClInclude Include="source\events\begin_placement.h">
      <Filter>source\events</Filter>
    </ClInclude>
    <ClInclude Include="source\gameplay\physics_engine.h">
      <Filter>source\gameplay</Filter>
    </ClInclude>
    <ClInclude Include="source\gameplay\world_engine.h">
      <Filter>source\gameplay</Filter>
    </ClInclude>
    <ClInclude Include="source\processors\processor_biome.h">
      <Filter>source\processors</Filter>
    </ClInclude>
    <ClInclude Include="source\visuals\render\vision_perimeter.h">
      <Filter>source\visuals\render</Filter>
    </ClInclude>
    <ClInclude Include="source\external\FastNoiseSIMD\FastNoiseSIMD.h">
      <Filter>source\external\FastNoiseSIMD</Filter>
    </ClInclude>
    <ClInclude Include="source\external\FastNoiseSIMD\FastNoiseSIMD_internal.h">
      <Filter>source\external\FastNoiseSIMD</Filter>
    </ClInclude>
    <ClInclude Include="source\defs\defs_blocks.h">
      <Filter>source\defs</Filter>
    </ClInclude>
    <ClInclude Include="source\defs\defs_items.h">
      <Filter>source\defs</Filter>
    </ClInclude>
    <ClInclude Include="source\defs\defs_pipeline.h">
      <Filter>source\defs</Filter>
    </ClInclude>
    <ClInclude Include="source\defs\defs_world.h">
      <Filter>source\defs</Filter>
    </ClInclude>
    <ClInclude Include="source\defs\defs_platform.h">
      <Filter>source\defs</Filter>
    </ClInclude>
    <ClInclude Include="source\defs\interface_event.h">
      <Filter>source\defs</Filter>
    </ClInclude>
    <ClInclude Include="source\defs\interface_manager.h">
      <Filter>source\defs</Filter>
    </ClInclude>
    <ClInclude Include="source\defs\interface_service.h">
      <Filter>source\defs</Filter>
    </ClInclude>
    <ClInclude Include="source\defs\util_funcs.h">
      <Filter>source\defs</Filter>
    </ClInclude>
    <ClInclude Include="source\core\executor.h">
      <Filter>source\core</Filter>
    </ClInclude>
    <ClInclude Include="source\gameplay\physics\collision_physics.h">
      <Filter>source\gameplay\physics</Filter>
    </ClInclude>
    <ClInclude Include="source\gameplay\physics\move_physics.h">
      <Filter>source\gameplay\physics</Filter>
    </ClInclude>
    <ClInclude Include="source\scene\camera\camera_basic.h">
      <Filter>source\scene\camera</Filter>
    </ClInclude>
    <ClInclude Include="source\scene\camera\camera_firstperson.h">
      <Filter>source\scene\camera</Filter>
    </ClInclude>
    <ClInclude Include="source\scene\scene.h">
      <Filter>source\scene</Filter>
    </ClInclude>
    <ClInclude Include="source\scene\world.h">
      <Filter>source\scene</Filter>
    </ClInclude>
    <ClInclude Include="source\scene\compartments\segment.h">
      <Filter>source\scene\compartments</Filter>
    </ClInclude>
    <ClInclude Include="source\scene\elements\sun.h">
      <Filter>source\scene\elements</Filter>
    </ClInclude>
    <ClInclude Include="source\gameplay\items\item_container.h">
      <Filter>source\gameplay\items</Filter>
    </ClInclude>
    <ClInclude Include="source\gameplay\items\item_stack.h">
      <Filter>source\gameplay\items</Filter>
    </ClInclude>
    <ClInclude Include="source\utils\conversion_item_block.h">
      <Filter>source\utils</Filter>
    </ClInclude>
    <ClInclude Include="source\utils\frustrum.h">
      <Filter>source\utils</Filter>
    </ClInclude>
    <ClInclude Include="source\utils\ray.h">
      <Filter>source\utils</Filter>
    </ClInclude>
    <ClInclude Include="source\scene\assets\manager_model.h">
      <Filter>source\scene\assets</Filter>
    </ClInclude>
    <ClInclude Include="source\scene\assets\manager_texture.h">
      <Filter>source\scene\assets</Filter>
    </ClInclude>
    <ClInclude Include="source\scene\assets\master_buffer.h">
      <Filter>source\scene\assets</Filter>
    </ClInclude>
    <ClInclude Include="source\scene\assets\master_state.h">
      <Filter>source\scene\assets</Filter>
    </ClInclude>
    <ClInclude Include="source\scene\assets\texture_atlas.h">
      <Filter>source\scene\assets</Filter>
    </ClInclude>
    <ClInclude Include="source\scene\compartments\sector.h">
      <Filter>source\scene\compartments</Filter>
    </ClInclude>
    <ClInclude Include="source\core\garbage_collector.h">
      <Filter>source\core</Filter>
    </ClInclude>
    <ClInclude Include="source\external\MPMC Queue.h">
      <Filter>source\external</Filter>
    </ClInclude>
  </ItemGroup>
  <ItemGroup>
    <FxCompile Include="source\visuals\shaders\dev_v.hlsl">
      <Filter>source\visuals\shaders</Filter>
    </FxCompile>
    <FxCompile Include="source\visuals\shaders\dev_p.hlsl">
      <Filter>source\visuals\shaders</Filter>
    </FxCompile>
    <FxCompile Include="source\visuals\shaders\sky_v.hlsl">
      <Filter>source\visuals\shaders</Filter>
    </FxCompile>
    <FxCompile Include="source\visuals\shaders\sky_p.hlsl">
      <Filter>source\visuals\shaders</Filter>
    </FxCompile>
    <FxCompile Include="source\visuals\shaders\pass_v.hlsl">
      <Filter>source\visuals\shaders</Filter>
    </FxCompile>
    <FxCompile Include="source\visuals\shaders\pass_p.hlsl">
      <Filter>source\visuals\shaders</Filter>
    </FxCompile>
    <FxCompile Include="source\visuals\shaders\solid_blocks_v.hlsl">
      <Filter>source\visuals\shaders</Filter>
    </FxCompile>
    <FxCompile Include="source\visuals\shaders\solid_blocks_p.hlsl">
      <Filter>source\visuals\shaders</Filter>
    </FxCompile>
    <FxCompile Include="source\visuals\shaders\sun_moon_v.hlsl">
      <Filter>source\visuals\shaders</Filter>
    </FxCompile>
    <FxCompile Include="source\visuals\shaders\sun_moon_p.hlsl">
      <Filter>source\visuals\shaders</Filter>
    </FxCompile>
    <FxCompile Include="source\visuals\shaders\hud_v.hlsl">
      <Filter>source\visuals\shaders</Filter>
    </FxCompile>
    <FxCompile Include="source\visuals\shaders\hud_p.hlsl">
      <Filter>source\visuals\shaders</Filter>
    </FxCompile>
    <FxCompile Include="source\visuals\shaders\highlight_v.hlsl">
      <Filter>source\visuals\shaders</Filter>
    </FxCompile>
    <FxCompile Include="source\visuals\shaders\highlight_p.hlsl">
      <Filter>source\visuals\shaders</Filter>
    </FxCompile>
  </ItemGroup>
  <ItemGroup>
    <Text Include="Global TODO checklist.txt" />
    <Text Include="Current Tasklist.txt" />
  </ItemGroup>
</Project>